# This file is generated by running "yarn install" inside your project.
# Manual changes might be lost - proceed with caution!

__metadata:
  version: 8
  cacheKey: 10c0

"@react-native-async-storage/async-storage@npm:^1.15.6":
  version: 1.24.0
  resolution: "@react-native-async-storage/async-storage@npm:1.24.0"
  dependencies:
    merge-options: "npm:^3.0.4"
  peerDependencies:
    react-native: ^0.0.0-0 || >=0.60 <1.0
  checksum: 10c0/cad2098ef84251f2ab8ebc07b750e585a20ac7ca07f26e5441e957a76f2b66f01d10ef5fbddb63d675431377b31beb5208548093e1eb17d262d2184b51133f4d
  languageName: node
  linkType: hard

"@types/node@npm:^15.12.5":
  version: 15.14.9
  resolution: "@types/node@npm:15.14.9"
  checksum: 10c0/fe5b69cffd20f97c814d568c1d791b3c367f9efa6567a18d2c15cd73c5437f47bcff73a2e10bdfe59f90ce7df47e6cc3c6d431c76d2213bf6099e8ab5d16d355
  languageName: node
  linkType: hard

"@types/prop-types@npm:*":
  version: 15.7.12
  resolution: "@types/prop-types@npm:15.7.12"
  checksum: 10c0/1babcc7db6a1177779f8fde0ccc78d64d459906e6ef69a4ed4dd6339c920c2e05b074ee5a92120fe4e9d9f1a01c952f843ebd550bee2332fc2ef81d1706878f8
  languageName: node
  linkType: hard

"@types/react-native@npm:^0.64.12":
  version: 0.64.38
  resolution: "@types/react-native@npm:0.64.38"
  dependencies:
    "@types/react": "npm:^17"
  checksum: 10c0/95b387cb3290ff91055ff9eddb217565d3091ce12b566ef9d01c8ef3e5dfb178931ecac3406294a4759ca86f8e9a66ac89b907d08bd819247d4195a4bcf7ef8d
  languageName: node
  linkType: hard

"@types/react@npm:^17":
  version: 17.0.80
  resolution: "@types/react@npm:17.0.80"
  dependencies:
    "@types/prop-types": "npm:*"
    "@types/scheduler": "npm:^0.16"
    csstype: "npm:^3.0.2"
  checksum: 10c0/c5d2862564212a41a327ea9c7e70b9d3996d9b0f67971d39519d42d1f3ae6ddf76b183457b7b0be9d7b5d6ff0aaeed5711448423406d20018f082077c984eec4
  languageName: node
  linkType: hard

"@types/scheduler@npm:^0.16":
  version: 0.16.8
  resolution: "@types/scheduler@npm:0.16.8"
  checksum: 10c0/f86de504945b8fc41b1f391f847444d542e2e4067cf7e5d9bfeb5d2d2393d3203b1161bc0ef3b1e104d828dabfb60baf06e8d2c27e27ff7e8258e6e618d8c4ec
  languageName: node
  linkType: hard

"axios@npm:^0.21.1":
  version: 0.21.4
  resolution: "axios@npm:0.21.4"
  dependencies:
    follow-redirects: "npm:^1.14.0"
  checksum: 10c0/fbcff55ec68f71f02d3773d467db2fcecdf04e749826c82c2427a232f9eba63242150a05f15af9ef15818352b814257541155de0281f8fb2b7e8a5b79f7f2142
  languageName: node
  linkType: hard

"csstype@npm:^3.0.2":
  version: 3.1.3
  resolution: "csstype@npm:3.1.3"
  checksum: 10c0/80c089d6f7e0c5b2bd83cf0539ab41474198579584fa10d86d0cafe0642202343cbc119e076a0b1aece191989477081415d66c9fefbf3c957fc2fc4b7009f248
  languageName: node
  linkType: hard

"dooboolab-welcome@npm:1.3.2":
  version: 1.3.2
  resolution: "dooboolab-welcome@npm:1.3.2"
  bin:
    dooboolab-welcome: bin/hello.js
  checksum: 10c0/79914ca018bffbfb80862e872ababda9b39add38821c97df95da0bc2d975084a91dcaf4bbbe040cb2d2fb38b779281474cbbb8c6363e149e69bd66e9806bbeee
  languageName: node
  linkType: hard

"follow-redirects@npm:^1.14.0":
  version: 1.15.6
  resolution: "follow-redirects@npm:1.15.6"
  peerDependenciesMeta:
    debug:
      optional: true
  checksum: 10c0/9ff767f0d7be6aa6870c82ac79cf0368cd73e01bbc00e9eb1c2a16fbb198ec105e3c9b6628bb98e9f3ac66fe29a957b9645bcb9a490bb7aa0d35f908b6b85071
  languageName: node
  linkType: hard

"gomarketme-react-native@workspace:.":
  version: 0.0.0-use.local
  resolution: "gomarketme-react-native@workspace:."
  dependencies:
    "@react-native-async-storage/async-storage": "npm:^1.15.6"
    "@types/node": "npm:^15.12.5"
    "@types/react-native": "npm:^0.64.12"
    axios: "npm:^0.21.1"
    react-native-device-info: "npm:^8.0.1"
    react-native-iap: "npm:^7.0.0"
    typescript: "npm:^4.3.5"
  peerDependencies:
    react: "*"
    react-native: "*"
  languageName: unknown
  linkType: soft

"is-plain-obj@npm:^2.1.0":
  version: 2.1.0
  resolution: "is-plain-obj@npm:2.1.0"
  checksum: 10c0/e5c9814cdaa627a9ad0a0964ded0e0491bfd9ace405c49a5d63c88b30a162f1512c069d5b80997893c4d0181eadc3fed02b4ab4b81059aba5620bfcdfdeb9c53
  languageName: node
  linkType: hard

"merge-options@npm:^3.0.4":
  version: 3.0.4
  resolution: "merge-options@npm:3.0.4"
  dependencies:
    is-plain-obj: "npm:^2.1.0"
  checksum: 10c0/02b5891ceef09b0b497b5a0154c37a71784e68ed71b14748f6fd4258ffd3fe4ecd5cb0fd6f7cae3954fd11e7686c5cb64486daffa63c2793bbe8b614b61c7055
  languageName: node
  linkType: hard

"react-native-device-info@npm:^8.0.1":
  version: 8.7.1
  resolution: "react-native-device-info@npm:8.7.1"
  peerDependencies:
    react-native: "*"
  checksum: 10c0/6dd27bed19b194e33bfa3d18162e4dd12f652285d2327d21fd0c4fd0d2e5ddf53df05abbc3117118bbcb4226feb916f4d05a8469a038ee281a99cf11ea57eadc
  languageName: node
  linkType: hard

"react-native-iap@npm:^7.0.0":
  version: 7.5.6
  resolution: "react-native-iap@npm:7.5.6"
  dependencies:
    dooboolab-welcome: "npm:1.3.2"
  peerDependencies:
    react: ">=16.13.1"
    react-native: ">=0.54"
  checksum: 10c0/a20d66e5e90540da343baeca03b4a8116473c5585c5eb9fbdcf5351f5d83289d80496d7ed9222f8584fe28e575166e5ddb1a7206bff2ecdf3312929f257fa5de
  languageName: node
  linkType: hard

"typescript@npm:^4.3.5":
  version: 4.9.5
  resolution: "typescript@npm:4.9.5"
  bin:
    tsc: bin/tsc
    tsserver: bin/tsserver
  checksum: 10c0/5f6cad2e728a8a063521328e612d7876e12f0d8a8390d3b3aaa452a6a65e24e9ac8ea22beb72a924fd96ea0a49ea63bb4e251fb922b12eedfb7f7a26475e5c56
  languageName: node
  linkType: hard

"typescript@patch:typescript@npm%3A^4.3.5#optional!builtin<compat/typescript>":
  version: 4.9.5
  resolution: "typescript@patch:typescript@npm%3A4.9.5#optional!builtin<compat/typescript>::version=4.9.5&hash=289587"
  bin:
    tsc: bin/tsc
    tsserver: bin/tsserver
  checksum: 10c0/e3333f887c6829dfe0ab6c1dbe0dd1e3e2aeb56c66460cb85c5440c566f900c833d370ca34eb47558c0c69e78ced4bfe09b8f4f98b6de7afed9b84b8d1dd06a1
  languageName: node
  linkType: hard
